Microsoft Visual Studio Solution File, Format Version 12.00
# Visual Studio Version 16
VisualStudioVersion = 16.0.0.0
MinimumVisualStudioVersion = 16.0.0.0
Project("{9A19103F-16F7-4668-BE54-9A1E7A4F7556}") = "ProyPeliculas_G34.Server", "Server\ProyPeliculas_G34.Server.csproj", "{F58A44CF-35BD-449E-83F8-6188D9A08472}"
EndProject
Project("{9A19103F-16F7-4668-BE54-9A1E7A4F7556}") = "ProyPeliculas_G34.Client", "Client\ProyPeliculas_G34.Client.csproj", "{D8F49984-16E0-47D0-8764-E0C070B6E560}"
EndProject
Project("{9A19103F-16F7-4668-BE54-9A1E7A4F7556}") = "ProyPeliculas_G34.Shared", "Shared\ProyPeliculas_G34.Shared.csproj", "{26410824-2B58-4461-BC40-D4E006CB13FE}"
EndProject
Global
	GlobalSection(SolutionConfigurationPlatforms) = preSolution
		Debug|Any CPU = Debug|Any CPU
		Debug|x64 = Debug|x64
		Debug|x86 = Debug|x86
		Release|Any CPU = Release|Any CPU
		Release|x64 = Release|x64
		Release|x86 = Release|x86
	EndGlobalSection
	GlobalSection(ProjectConfigurationPlatforms) = postSolution
		{D8F49984-16E0-47D0-8764-E0C070B6E560}.Debug|Any CPU.ActiveCfg = Debug|Any CPU
		{D8F49984-16E0-47D0-8764-E0C070B6E560}.Debug|Any CPU.Build.0 = Debug|Any CPU
		{D8F49984-16E0-47D0-8764-E0C070B6E560}.Debug|x64.ActiveCfg = Debug|Any CPU
		{D8F49984-16E0-47D0-8764-E0C070B6E560}.Debug|x64.Build.0 = Debug|Any CPU
		{D8F49984-16E0-47D0-8764-E0C070B6E560}.Debug|x86.ActiveCfg = Debug|Any CPU
		{D8F49984-16E0-47D0-8764-E0C070B6E560}.Debug|x86.Build.0 = Debug|Any CPU
		{D8F49984-16E0-47D0-8764-E0C070B6E560}.Release|Any CPU.ActiveCfg = Release|Any CPU
		{D8F49984-16E0-47D0-8764-E0C070B6E560}.Release|Any CPU.Build.0 = Release|Any CPU
		{D8F49984-16E0-47D0-8764-E0C070B6E560}.Release|x64.ActiveCfg = Release|Any CPU
		{D8F49984-16E0-47D0-8764-E0C070B6E560}.Release|x64.Build.0 = Release|Any CPU
		{D8F49984-16E0-47D0-8764-E0C070B6E560}.Release|x86.ActiveCfg = Release|Any CPU
		{D8F49984-16E0-47D0-8764-E0C070B6E560}.Release|x86.Build.0 = Release|Any CPU
		{F58A44CF-35BD-449E-83F8-6188D9A08472}.Debug|Any CPU.ActiveCfg = Debug|Any CPU
		{F58A44CF-35BD-449E-83F8-6188D9A08472}.Debug|Any CPU.Build.0 = Debug|Any CPU
		{F58A44CF-35BD-449E-83F8-6188D9A08472}.Debug|x64.ActiveCfg = Debug|Any CPU
		{F58A44CF-35BD-449E-83F8-6188D9A08472}.Debug|x64.Build.0 = Debug|Any CPU
		{F58A44CF-35BD-449E-83F8-6188D9A08472}.Debug|x86.ActiveCfg = Debug|Any CPU
		{F58A44CF-35BD-449E-83F8-6188D9A08472}.Debug|x86.Build.0 = Debug|Any CPU
		{F58A44CF-35BD-449E-83F8-6188D9A08472}.Release|Any CPU.ActiveCfg = Release|Any CPU
		{F58A44CF-35BD-449E-83F8-6188D9A08472}.Release|Any CPU.Build.0 = Release|Any CPU
		{F58A44CF-35BD-449E-83F8-6188D9A08472}.Release|x64.ActiveCfg = Release|Any CPU
		{F58A44CF-35BD-449E-83F8-6188D9A08472}.Release|x64.Build.0 = Release|Any CPU
		{F58A44CF-35BD-449E-83F8-6188D9A08472}.Release|x86.ActiveCfg = Release|Any CPU
		{F58A44CF-35BD-449E-83F8-6188D9A08472}.Release|x86.Build.0 = Release|Any CPU
		{26410824-2B58-4461-BC40-D4E006CB13FE}.Debug|Any CPU.ActiveCfg = Debug|Any CPU
		{26410824-2B58-4461-BC40-D4E006CB13FE}.Debug|Any CPU.Build.0 = Debug|Any CPU
		{26410824-2B58-4461-BC40-D4E006CB13FE}.Debug|x64.ActiveCfg = Debug|Any CPU
		{26410824-2B58-4461-BC40-D4E006CB13FE}.Debug|x64.Build.0 = Debug|Any CPU
		{26410824-2B58-4461-BC40-D4E006CB13FE}.Debug|x86.ActiveCfg = Debug|Any CPU
		{26410824-2B58-4461-BC40-D4E006CB13FE}.Debug|x86.Build.0 = Debug|Any CPU
		{26410824-2B58-4461-BC40-D4E006CB13FE}.Release|Any CPU.ActiveCfg = Release|Any CPU
		{26410824-2B58-4461-BC40-D4E006CB13FE}.Release|Any CPU.Build.0 = Release|Any CPU
		{26410824-2B58-4461-BC40-D4E006CB13FE}.Release|x64.ActiveCfg = Release|Any CPU
		{26410824-2B58-4461-BC40-D4E006CB13FE}.Release|x64.Build.0 = Release|Any CPU
		{26410824-2B58-4461-BC40-D4E006CB13FE}.Release|x86.ActiveCfg = Release|Any CPU
		{26410824-2B58-4461-BC40-D4E006CB13FE}.Release|x86.Build.0 = Release|Any CPU
	EndGlobalSection
	GlobalSection(SolutionProperties) = preSolution
		HideSolutionNode = FALSE
	EndGlobalSection
	GlobalSection(ExtensibilityGlobals) = postSolution
		SolutionGuid = {C7D0F2DC-EA41-4564-A8E1-A3F2C95A73E4}
	EndGlobalSection
EndGlobal